
Microsoft Visual Studio Solution File, Format Version 12.00
# Visual Studio Version 17
VisualStudioVersion = 17.8.34316.72
MinimumVisualStudioVersion = 10.0.40219.1
Project("{9A19103F-16F7-4668-BE54-9A1E7A4F7556}") = "VegetableShop.Data", "VegetableShop.Data\VegetableShop.Data.csproj", "{7DCFA502-F972-477F-8AB1-5B0C44FE4FEC}"
EndProject
Project("{9A19103F-16F7-4668-BE54-9A1E7A4F7556}") = "VegetableShop.WebApp", "VegetableShop.WebApp\VegetableShop.WebApp.csproj", "{D5C27990-3F8E-4089-9206-D4AD42AB9576}"
EndProject
Project("{9A19103F-16F7-4668-BE54-9A1E7A4F7556}") = "VegetableShop.WebClient", "VegetableShop.WebClient\VegetableShop.WebClient.csproj", "{5446DF29-A1F9-40F4-BF9B-2675C2C68D03}"
EndProject
Project("{FAE04EC0-301F-11D3-BF4B-00C04F79EFBC}") = "VegetableShop.API", "VegetableShop.API\VegetableShop.API.csproj", "{CD3A78CD-D0CC-45F7-BE47-443555D237B9}"
EndProject
Global
	GlobalSection(SolutionConfigurationPlatforms) = preSolution
		Debug|Any CPU = Debug|Any CPU
		Release|Any CPU = Release|Any CPU
	EndGlobalSection
	GlobalSection(ProjectConfigurationPlatforms) = postSolution
		{7DCFA502-F972-477F-8AB1-5B0C44FE4FEC}.Debug|Any CPU.ActiveCfg = Debug|Any CPU
		{7DCFA502-F972-477F-8AB1-5B0C44FE4FEC}.Debug|Any CPU.Build.0 = Debug|Any CPU
		{7DCFA502-F972-477F-8AB1-5B0C44FE4FEC}.Release|Any CPU.ActiveCfg = Release|Any CPU
		{7DCFA502-F972-477F-8AB1-5B0C44FE4FEC}.Release|Any CPU.Build.0 = Release|Any CPU
		{D5C27990-3F8E-4089-9206-D4AD42AB9576}.Debug|Any CPU.ActiveCfg = Debug|Any CPU
		{D5C27990-3F8E-4089-9206-D4AD42AB9576}.Debug|Any CPU.Build.0 = Debug|Any CPU
		{D5C27990-3F8E-4089-9206-D4AD42AB9576}.Release|Any CPU.ActiveCfg = Release|Any CPU
		{D5C27990-3F8E-4089-9206-D4AD42AB9576}.Release|Any CPU.Build.0 = Release|Any CPU
		{5446DF29-A1F9-40F4-BF9B-2675C2C68D03}.Debug|Any CPU.ActiveCfg = Debug|Any CPU
		{5446DF29-A1F9-40F4-BF9B-2675C2C68D03}.Debug|Any CPU.Build.0 = Debug|Any CPU
		{5446DF29-A1F9-40F4-BF9B-2675C2C68D03}.Release|Any CPU.ActiveCfg = Release|Any CPU
		{5446DF29-A1F9-40F4-BF9B-2675C2C68D03}.Release|Any CPU.Build.0 = Release|Any CPU
		{CD3A78CD-D0CC-45F7-BE47-443555D237B9}.Debug|Any CPU.ActiveCfg = Debug|Any CPU
		{CD3A78CD-D0CC-45F7-BE47-443555D237B9}.Debug|Any CPU.Build.0 = Debug|Any CPU
		{CD3A78CD-D0CC-45F7-BE47-443555D237B9}.Release|Any CPU.ActiveCfg = Release|Any CPU
		{CD3A78CD-D0CC-45F7-BE47-443555D237B9}.Release|Any CPU.Build.0 = Release|Any CPU
	EndGlobalSection
	GlobalSection(SolutionProperties) = preSolution
		HideSolutionNode = FALSE
	EndGlobalSection
	GlobalSection(ExtensibilityGlobals) = postSolution
		SolutionGuid = {6B96A35E-A361-4DAA-A989-4EC27DD5BF8D}
	EndGlobalSection
EndGlobal
